<?xml version="1.0" encoding="utf-8"?>
<Project ToolsVersion="16.0" xmlns="http://schemas.microsoft.com/developer/msbuild/2003">
  <ItemGroup>
    <ClCompile Include="C:\Users\BungK\OneDrive\Documents\opencv-4.2.0\modules\objdetect\src\cascadedetect.cpp">
      <Filter>Src</Filter>
    </ClCompile>
    <ClCompile Include="C:\Users\BungK\OneDrive\Documents\opencv-4.2.0\modules\objdetect\src\cascadedetect_convert.cpp">
      <Filter>Src</Filter>
    </ClCompile>
    <ClCompile Include="C:\Users\BungK\OneDrive\Documents\opencv-4.2.0\modules\objdetect\src\detection_based_tracker.cpp">
      <Filter>Src</Filter>
    </ClCompile>
    <ClCompile Include="C:\Users\BungK\OneDrive\Documents\opencv-4.2.0\modules\objdetect\src\hog.cpp">
      <Filter>Src</Filter>
    </ClCompile>
    <ClCompile Include="C:\Users\BungK\OneDrive\Documents\opencv-4.2.0\modules\objdetect\src\main.cpp">
      <Filter>Src</Filter>
    </ClCompile>
    <ClCompile Include="C:\Users\BungK\OneDrive\Documents\opencv-4.2.0\modules\objdetect\src\qrcode.cpp">
      <Filter>Src</Filter>
    </ClCompile>
    <ClCompile Include="C:\Users\BungK\OneDrive\Documents\opencv-4.2.0\build\modules\objdetect\opencl_kernels_objdetect.cpp">
      <Filter>Src\opencl\kernels\autogenerated</Filter>
    </ClCompile>
    <ClCompile Include="C:\Users\BungK\OneDrive\Documents\opencv-4.2.0\build\modules\objdetect\opencv_objdetect_pch.cpp">
      <Filter>Src</Filter>
    </ClCompile>
    <ClCompile Include="C:\Users\BungK\OneDrive\Documents\opencv-4.2.0\build\modules\objdetect\opencv_objdetect_main.cpp">
      <Filter>Source Files</Filter>
    </ClCompile>
  </ItemGroup>
  <ItemGroup>
    <ClInclude Include="C:\Users\BungK\OneDrive\Documents\opencv-4.2.0\modules\objdetect\include\opencv2\objdetect.hpp">
      <Filter>Include\opencv2</Filter>
    </ClInclude>
    <ClInclude Include="C:\Users\BungK\OneDrive\Documents\opencv-4.2.0\modules\objdetect\include\opencv2\objdetect\detection_based_tracker.hpp">
      <Filter>Include\opencv2\objdetect</Filter>
    </ClInclude>
    <ClInclude Include="C:\Users\BungK\OneDrive\Documents\opencv-4.2.0\modules\objdetect\include\opencv2\objdetect\objdetect.hpp">
      <Filter>Include\opencv2\objdetect</Filter>
    </ClInclude>
    <ClInclude Include="C:\Users\BungK\OneDrive\Documents\opencv-4.2.0\build\modules\objdetect\opencl_kernels_objdetect.hpp">
      <Filter>Src\opencl\kernels\autogenerated</Filter>
    </ClInclude>
    <ClInclude Include="C:\Users\BungK\OneDrive\Documents\opencv-4.2.0\modules\objdetect\src\cascadedetect.hpp">
      <Filter>Src</Filter>
    </ClInclude>
    <ClInclude Include="C:\Users\BungK\OneDrive\Documents\opencv-4.2.0\modules\objdetect\src\precomp.hpp">
      <Filter>Src</Filter>
    </ClInclude>
    <ClInclude Include="C:\Users\BungK\OneDrive\Documents\opencv-4.2.0\build\cvconfig.h">
      <Filter>Include</Filter>
    </ClInclude>
    <ClInclude Include="C:\Users\BungK\OneDrive\Documents\opencv-4.2.0\build\opencv2\opencv_modules.hpp">
      <Filter>Include</Filter>
    </ClInclude>
  </ItemGroup>
  <ItemGroup>
    <CustomBuild Include="C:\Users\BungK\OneDrive\Documents\opencv-4.2.0\build\CMakeFiles\cc62099406212b34e1c36b987623abb3\opencl_kernels_objdetect.cpp.rule">
      <Filter>CMake Rules</Filter>
    </CustomBuild>
    <CustomBuild Include="C:\Users\BungK\OneDrive\Documents\opencv-4.2.0\modules\objdetect\CMakeLists.txt" />
  </ItemGroup>
  <ItemGroup>
    <None Include="C:\Users\BungK\OneDrive\Documents\opencv-4.2.0\modules\objdetect\src\opencl\cascadedetect.cl">
      <Filter>Src\opencl\kernels</Filter>
    </None>
    <None Include="C:\Users\BungK\OneDrive\Documents\opencv-4.2.0\modules\objdetect\src\opencl\objdetect_hog.cl">
      <Filter>Src\opencl\kernels</Filter>
    </None>
  </ItemGroup>
  <ItemGroup>
    <ResourceCompile Include="C:\Users\BungK\OneDrive\Documents\opencv-4.2.0\build\modules\objdetect\vs_version.rc">
      <Filter>Src</Filter>
    </ResourceCompile>
  </ItemGroup>
  <ItemGroup>
    <Filter Include="CMake Rules">
      <UniqueIdentifier>{188A8EBF-C71A-30BA-8739-8C6148D6DCC1}</UniqueIdentifier>
    </Filter>
    <Filter Include="Include">
      <UniqueIdentifier>{EEFDC53D-7F24-310A-963B-9F9F9890CAFB}</UniqueIdentifier>
    </Filter>
    <Filter Include="Include\opencv2">
      <UniqueIdentifier>{C5E2FF3F-1697-396D-B48C-53746E12408C}</UniqueIdentifier>
    </Filter>
    <Filter Include="Include\opencv2\objdetect">
      <UniqueIdentifier>{41A6EEB9-B04C-383B-A10F-F4CF52CC7BE9}</UniqueIdentifier>
    </Filter>
    <Filter Include="Source Files">
      <UniqueIdentifier>{1BD43664-A2E7-35D2-A52F-1EF32B23F043}</UniqueIdentifier>
    </Filter>
    <Filter Include="Src">
      <UniqueIdentifier>{B7D1425C-2562-313B-BF6D-BC857F7CF180}</UniqueIdentifier>
    </Filter>
    <Filter Include="Src\opencl">
      <UniqueIdentifier>{D82251BA-AB9A-3947-BBAA-6F652BDDFE07}</UniqueIdentifier>
    </Filter>
    <Filter Include="Src\opencl\kernels">
      <UniqueIdentifier>{8BB060CE-A445-3205-A165-69275FB8074D}</UniqueIdentifier>
    </Filter>
    <Filter Include="Src\opencl\kernels\autogenerated">
      <UniqueIdentifier>{BF9CB18D-0029-3D2F-B1E7-6D25FB3BE8C1}</UniqueIdentifier>
    </Filter>
  </ItemGroup>
</Project>
