Microsoft Visual Studio Solution File, Format Version 12.00
# Visual Studio 16
Project("{2150E333-8FDC-42A3-9474-1A3956D46DE8}") = "3rdparty", "3rdparty", "{B03C5E9A-09E4-3896-BCBC-C4B1E8EC1D07}"
EndProject
Project("{2150E333-8FDC-42A3-9474-1A3956D46DE8}") = "CMakeTargets", "CMakeTargets", "{B65CBF0F-8B17-357E-BEAA-F228E2235BDE}"
EndProject
Project("{2150E333-8FDC-42A3-9474-1A3956D46DE8}") = "dispatched", "dispatched", "{3B60DC66-9D4A-3B77-993A-7D31A9E92B33}"
EndProject
Project("{2150E333-8FDC-42A3-9474-1A3956D46DE8}") = "modules", "modules", "{1A348FBD-B243-360A-8F2F-7E78B1906BFF}"
EndProject
Project("{2150E333-8FDC-42A3-9474-1A3956D46DE8}") = "tests accuracy", "tests accuracy", "{D31DE3C8-AF36-326A-B29E-78E1F1D7781E}"
EndProject
Project("{2150E333-8FDC-42A3-9474-1A3956D46DE8}") = "tests performance", "tests performance", "{3AF747F8-BA32-3DDA-962A-F0F168BA2CCE}"
EndProject
Project("{8BC9CEB8-8B4A-11D0-8D11-00A0C91BC942}") = "ALL_BUILD", "ALL_BUILD.vcxproj", "{9D7DF227-6966-3FDC-9057-5348EB40613F}"
	ProjectSection(ProjectDependencies) = postProject
		{C7453878-7433-3BDC-A355-23E1F9F276EF} = {C7453878-7433-3BDC-A355-23E1F9F276EF}
		{CF198685-A7BB-3A00-BB61-410B3E940A91} = {CF198685-A7BB-3A00-BB61-410B3E940A91}
		{AC40A80F-0ABA-37F3-9746-8332164B6F5E} = {AC40A80F-0ABA-37F3-9746-8332164B6F5E}
		{7F01C465-951C-37FE-A113-6B42D6E10E5D} = {7F01C465-951C-37FE-A113-6B42D6E10E5D}
	EndProjectSection
EndProject
Project("{8BC9CEB8-8B4A-11D0-8D11-00A0C91BC942}") = "INSTALL", "INSTALL.vcxproj", "{9F94D08D-4D5F-3E8D-A4DD-0B1E1076A3FC}"
	ProjectSection(ProjectDependencies) = postProject
		{9D7DF227-6966-3FDC-9057-5348EB40613F} = {9D7DF227-6966-3FDC-9057-5348EB40613F}
		{C7453878-7433-3BDC-A355-23E1F9F276EF} = {C7453878-7433-3BDC-A355-23E1F9F276EF}
	EndProjectSection
EndProject
Project("{8BC9CEB8-8B4A-11D0-8D11-00A0C91BC942}") = "IlmImf", "..\..\3rdparty\openexr\IlmImf.vcxproj", "{7D800D9A-6F26-32B0-9882-BEF637EE2FB0}"
	ProjectSection(ProjectDependencies) = postProject
		{C7453878-7433-3BDC-A355-23E1F9F276EF} = {C7453878-7433-3BDC-A355-23E1F9F276EF}
		{02D797AF-C0D6-35E3-9F81-A6CA43ACAE40} = {02D797AF-C0D6-35E3-9F81-A6CA43ACAE40}
	EndProjectSection
EndProject
Project("{8BC9CEB8-8B4A-11D0-8D11-00A0C91BC942}") = "PACKAGE", "PACKAGE.vcxproj", "{9A28D1C4-62FA-399B-99DD-AC364D05FD10}"
	ProjectSection(ProjectDependencies) = postProject
		{9D7DF227-6966-3FDC-9057-5348EB40613F} = {9D7DF227-6966-3FDC-9057-5348EB40613F}
		{C7453878-7433-3BDC-A355-23E1F9F276EF} = {C7453878-7433-3BDC-A355-23E1F9F276EF}
	EndProjectSection
EndProject
Project("{8BC9CEB8-8B4A-11D0-8D11-00A0C91BC942}") = "RUN_TESTS", "RUN_TESTS.vcxproj", "{9E567576-3AF9-313D-BD2D-6C9F130102C4}"
	ProjectSection(ProjectDependencies) = postProject
		{C7453878-7433-3BDC-A355-23E1F9F276EF} = {C7453878-7433-3BDC-A355-23E1F9F276EF}
	EndProjectSection
EndProject
Project("{8BC9CEB8-8B4A-11D0-8D11-00A0C91BC942}") = "ZERO_CHECK", "..\..\\ZERO_CHECK.vcxproj", "{C7453878-7433-3BDC-A355-23E1F9F276EF}"
	ProjectSection(ProjectDependencies) = postProject
	EndProjectSection
EndProject
Project("{8BC9CEB8-8B4A-11D0-8D11-00A0C91BC942}") = "ippiw", "..\..\3rdparty\ippiw\ippiw.vcxproj", "{E15052AF-4C2F-3CD0-9683-E7AB80011192}"
	ProjectSection(ProjectDependencies) = postProject
		{C7453878-7433-3BDC-A355-23E1F9F276EF} = {C7453878-7433-3BDC-A355-23E1F9F276EF}
	EndProjectSection
EndProject
Project("{8BC9CEB8-8B4A-11D0-8D11-00A0C91BC942}") = "ittnotify", "..\..\3rdparty\ittnotify\ittnotify.vcxproj", "{8C8EB863-E140-3128-B7AF-20DD33FA8B4F}"
	ProjectSection(ProjectDependencies) = postProject
		{C7453878-7433-3BDC-A355-23E1F9F276EF} = {C7453878-7433-3BDC-A355-23E1F9F276EF}
	EndProjectSection
EndProject
Project("{8BC9CEB8-8B4A-11D0-8D11-00A0C91BC942}") = "libjasper", "..\..\3rdparty\libjasper\libjasper.vcxproj", "{C6C7D64A-DDD6-3CDD-BE4C-E3356469EB95}"
	ProjectSection(ProjectDependencies) = postProject
		{C7453878-7433-3BDC-A355-23E1F9F276EF} = {C7453878-7433-3BDC-A355-23E1F9F276EF}
	EndProjectSection
EndProject
Project("{8BC9CEB8-8B4A-11D0-8D11-00A0C91BC942}") = "libjpeg-turbo", "..\..\3rdparty\libjpeg-turbo\libjpeg-turbo.vcxproj", "{80673D95-AF85-38B0-BBCE-1A1690502D4E}"
	ProjectSection(ProjectDependencies) = postProject
		{C7453878-7433-3BDC-A355-23E1F9F276EF} = {C7453878-7433-3BDC-A355-23E1F9F276EF}
	EndProjectSection
EndProject
Project("{8BC9CEB8-8B4A-11D0-8D11-00A0C91BC942}") = "libpng", "..\..\3rdparty\libpng\libpng.vcxproj", "{1EBB9B77-8CBA-3B1C-B15E-DC4FB2DD9BFD}"
	ProjectSection(ProjectDependencies) = postProject
		{C7453878-7433-3BDC-A355-23E1F9F276EF} = {C7453878-7433-3BDC-A355-23E1F9F276EF}
		{02D797AF-C0D6-35E3-9F81-A6CA43ACAE40} = {02D797AF-C0D6-35E3-9F81-A6CA43ACAE40}
	EndProjectSection
EndProject
Project("{8BC9CEB8-8B4A-11D0-8D11-00A0C91BC942}") = "libtiff", "..\..\3rdparty\libtiff\libtiff.vcxproj", "{D1F9389C-633F-3B80-BBAE-2526457AE05D}"
	ProjectSection(ProjectDependencies) = postProject
		{C7453878-7433-3BDC-A355-23E1F9F276EF} = {C7453878-7433-3BDC-A355-23E1F9F276EF}
		{02D797AF-C0D6-35E3-9F81-A6CA43ACAE40} = {02D797AF-C0D6-35E3-9F81-A6CA43ACAE40}
	EndProjectSection
EndProject
Project("{8BC9CEB8-8B4A-11D0-8D11-00A0C91BC942}") = "libwebp", "..\..\3rdparty\libwebp\libwebp.vcxproj", "{899C6EF1-4069-32A9-BE5D-AFCF3AC4FF51}"
	ProjectSection(ProjectDependencies) = postProject
		{C7453878-7433-3BDC-A355-23E1F9F276EF} = {C7453878-7433-3BDC-A355-23E1F9F276EF}
	EndProjectSection
EndProject
Project("{8BC9CEB8-8B4A-11D0-8D11-00A0C91BC942}") = "opencv_calib3d", "..\calib3d\opencv_calib3d.vcxproj", "{785DBCF0-E87A-3068-B3D9-DCC323DF093D}"
	ProjectSection(ProjectDependencies) = postProject
		{C7453878-7433-3BDC-A355-23E1F9F276EF} = {C7453878-7433-3BDC-A355-23E1F9F276EF}
		{E15052AF-4C2F-3CD0-9683-E7AB80011192} = {E15052AF-4C2F-3CD0-9683-E7AB80011192}
		{3139FC8A-BC84-3699-AED4-AAB3961D5260} = {3139FC8A-BC84-3699-AED4-AAB3961D5260}
		{616B6BDB-8176-397E-B7DD-11634F3BF326} = {616B6BDB-8176-397E-B7DD-11634F3BF326}
		{924F40BE-76D3-3B4C-9D90-F581EF415C7A} = {924F40BE-76D3-3B4C-9D90-F581EF415C7A}
		{F3122E35-FD79-3734-8C23-9053296CB919} = {F3122E35-FD79-3734-8C23-9053296CB919}
		{477856EB-FA99-359A-B85B-87AD9C6B83C5} = {477856EB-FA99-359A-B85B-87AD9C6B83C5}
	EndProjectSection
EndProject
Project("{8BC9CEB8-8B4A-11D0-8D11-00A0C91BC942}") = "opencv_calib3d_AVX2", "..\calib3d\opencv_calib3d_AVX2.vcxproj", "{3139FC8A-BC84-3699-AED4-AAB3961D5260}"
	ProjectSection(ProjectDependencies) = postProject
		{C7453878-7433-3BDC-A355-23E1F9F276EF} = {C7453878-7433-3BDC-A355-23E1F9F276EF}
	EndProjectSection
EndProject
Project("{8BC9CEB8-8B4A-11D0-8D11-00A0C91BC942}") = "opencv_core", "..\core\opencv_core.vcxproj", "{616B6BDB-8176-397E-B7DD-11634F3BF326}"
	ProjectSection(ProjectDependencies) = postProject
		{C7453878-7433-3BDC-A355-23E1F9F276EF} = {C7453878-7433-3BDC-A355-23E1F9F276EF}
		{E15052AF-4C2F-3CD0-9683-E7AB80011192} = {E15052AF-4C2F-3CD0-9683-E7AB80011192}
		{8C8EB863-E140-3128-B7AF-20DD33FA8B4F} = {8C8EB863-E140-3128-B7AF-20DD33FA8B4F}
		{987709FF-B0F4-3A58-814E-4BE7C56B93CB} = {987709FF-B0F4-3A58-814E-4BE7C56B93CB}
		{85997715-DFC5-370C-B63F-46B1DC2512F9} = {85997715-DFC5-370C-B63F-46B1DC2512F9}
		{2078B708-67D6-3DD2-8A96-5624CB6B2575} = {2078B708-67D6-3DD2-8A96-5624CB6B2575}
		{BBE790ED-8D83-36BE-A0FE-0A99E9E39790} = {BBE790ED-8D83-36BE-A0FE-0A99E9E39790}
		{2C835539-C232-3A4C-8D4B-F587CAAA2186} = {2C835539-C232-3A4C-8D4B-F587CAAA2186}
		{02D797AF-C0D6-35E3-9F81-A6CA43ACAE40} = {02D797AF-C0D6-35E3-9F81-A6CA43ACAE40}
	EndProjectSection
EndProject
Project("{8BC9CEB8-8B4A-11D0-8D11-00A0C91BC942}") = "opencv_core_AVX", "..\core\opencv_core_AVX.vcxproj", "{987709FF-B0F4-3A58-814E-4BE7C56B93CB}"
	ProjectSection(ProjectDependencies) = postProject
		{C7453878-7433-3BDC-A355-23E1F9F276EF} = {C7453878-7433-3BDC-A355-23E1F9F276EF}
	EndProjectSection
EndProject
Project("{8BC9CEB8-8B4A-11D0-8D11-00A0C91BC942}") = "opencv_core_AVX2", "..\core\opencv_core_AVX2.vcxproj", "{85997715-DFC5-370C-B63F-46B1DC2512F9}"
	ProjectSection(ProjectDependencies) = postProject
		{C7453878-7433-3BDC-A355-23E1F9F276EF} = {C7453878-7433-3BDC-A355-23E1F9F276EF}
	EndProjectSection
EndProject
Project("{8BC9CEB8-8B4A-11D0-8D11-00A0C91BC942}") = "opencv_core_AVX512_SKX", "..\core\opencv_core_AVX512_SKX.vcxproj", "{2078B708-67D6-3DD2-8A96-5624CB6B2575}"
	ProjectSection(ProjectDependencies) = postProject
		{C7453878-7433-3BDC-A355-23E1F9F276EF} = {C7453878-7433-3BDC-A355-23E1F9F276EF}
	EndProjectSection
EndProject
Project("{8BC9CEB8-8B4A-11D0-8D11-00A0C91BC942}") = "opencv_core_SSE4_1", "..\core\opencv_core_SSE4_1.vcxproj", "{BBE790ED-8D83-36BE-A0FE-0A99E9E39790}"
	ProjectSection(ProjectDependencies) = postProject
		{C7453878-7433-3BDC-A355-23E1F9F276EF} = {C7453878-7433-3BDC-A355-23E1F9F276EF}
	EndProjectSection
EndProject
Project("{8BC9CEB8-8B4A-11D0-8D11-00A0C91BC942}") = "opencv_core_SSE4_2", "..\core\opencv_core_SSE4_2.vcxproj", "{2C835539-C232-3A4C-8D4B-F587CAAA2186}"
	ProjectSection(ProjectDependencies) = postProject
		{C7453878-7433-3BDC-A355-23E1F9F276EF} = {C7453878-7433-3BDC-A355-23E1F9F276EF}
	EndProjectSection
EndProject
Project("{8BC9CEB8-8B4A-11D0-8D11-00A0C91BC942}") = "opencv_features2d", "..\features2d\opencv_features2d.vcxproj", "{924F40BE-76D3-3B4C-9D90-F581EF415C7A}"
	ProjectSection(ProjectDependencies) = postProject
		{C7453878-7433-3BDC-A355-23E1F9F276EF} = {C7453878-7433-3BDC-A355-23E1F9F276EF}
		{E15052AF-4C2F-3CD0-9683-E7AB80011192} = {E15052AF-4C2F-3CD0-9683-E7AB80011192}
		{616B6BDB-8176-397E-B7DD-11634F3BF326} = {616B6BDB-8176-397E-B7DD-11634F3BF326}
		{297D2A20-FEF9-3B73-AF58-294E2601C23F} = {297D2A20-FEF9-3B73-AF58-294E2601C23F}
		{F3122E35-FD79-3734-8C23-9053296CB919} = {F3122E35-FD79-3734-8C23-9053296CB919}
		{477856EB-FA99-359A-B85B-87AD9C6B83C5} = {477856EB-FA99-359A-B85B-87AD9C6B83C5}
	EndProjectSection
EndProject
Project("{8BC9CEB8-8B4A-11D0-8D11-00A0C91BC942}") = "opencv_features2d_AVX2", "..\features2d\opencv_features2d_AVX2.vcxproj", "{297D2A20-FEF9-3B73-AF58-294E2601C23F}"
	ProjectSection(ProjectDependencies) = postProject
		{C7453878-7433-3BDC-A355-23E1F9F276EF} = {C7453878-7433-3BDC-A355-23E1F9F276EF}
	EndProjectSection
EndProject
Project("{8BC9CEB8-8B4A-11D0-8D11-00A0C91BC942}") = "opencv_flann", "..\flann\opencv_flann.vcxproj", "{F3122E35-FD79-3734-8C23-9053296CB919}"
	ProjectSection(ProjectDependencies) = postProject
		{C7453878-7433-3BDC-A355-23E1F9F276EF} = {C7453878-7433-3BDC-A355-23E1F9F276EF}
		{E15052AF-4C2F-3CD0-9683-E7AB80011192} = {E15052AF-4C2F-3CD0-9683-E7AB80011192}
		{616B6BDB-8176-397E-B7DD-11634F3BF326} = {616B6BDB-8176-397E-B7DD-11634F3BF326}
	EndProjectSection
EndProject
Project("{8BC9CEB8-8B4A-11D0-8D11-00A0C91BC942}") = "opencv_highgui", "..\highgui\opencv_highgui.vcxproj", "{E464ACCB-4FC6-3B9B-B1C7-7686DA935DDF}"
	ProjectSection(ProjectDependencies) = postProject
		{C7453878-7433-3BDC-A355-23E1F9F276EF} = {C7453878-7433-3BDC-A355-23E1F9F276EF}
		{E15052AF-4C2F-3CD0-9683-E7AB80011192} = {E15052AF-4C2F-3CD0-9683-E7AB80011192}
		{616B6BDB-8176-397E-B7DD-11634F3BF326} = {616B6BDB-8176-397E-B7DD-11634F3BF326}
		{4B3014A8-A5B3-3ADB-A86D-C165CE31FF55} = {4B3014A8-A5B3-3ADB-A86D-C165CE31FF55}
		{477856EB-FA99-359A-B85B-87AD9C6B83C5} = {477856EB-FA99-359A-B85B-87AD9C6B83C5}
		{7A796D21-B722-3847-BBFA-A40AEE2F5A6D} = {7A796D21-B722-3847-BBFA-A40AEE2F5A6D}
	EndProjectSection
EndProject
Project("{8BC9CEB8-8B4A-11D0-8D11-00A0C91BC942}") = "opencv_imgcodecs", "..\imgcodecs\opencv_imgcodecs.vcxproj", "{4B3014A8-A5B3-3ADB-A86D-C165CE31FF55}"
	ProjectSection(ProjectDependencies) = postProject
		{7D800D9A-6F26-32B0-9882-BEF637EE2FB0} = {7D800D9A-6F26-32B0-9882-BEF637EE2FB0}
		{C7453878-7433-3BDC-A355-23E1F9F276EF} = {C7453878-7433-3BDC-A355-23E1F9F276EF}
		{E15052AF-4C2F-3CD0-9683-E7AB80011192} = {E15052AF-4C2F-3CD0-9683-E7AB80011192}
		{C6C7D64A-DDD6-3CDD-BE4C-E3356469EB95} = {C6C7D64A-DDD6-3CDD-BE4C-E3356469EB95}
		{80673D95-AF85-38B0-BBCE-1A1690502D4E} = {80673D95-AF85-38B0-BBCE-1A1690502D4E}
		{1EBB9B77-8CBA-3B1C-B15E-DC4FB2DD9BFD} = {1EBB9B77-8CBA-3B1C-B15E-DC4FB2DD9BFD}
		{D1F9389C-633F-3B80-BBAE-2526457AE05D} = {D1F9389C-633F-3B80-BBAE-2526457AE05D}
		{899C6EF1-4069-32A9-BE5D-AFCF3AC4FF51} = {899C6EF1-4069-32A9-BE5D-AFCF3AC4FF51}
		{616B6BDB-8176-397E-B7DD-11634F3BF326} = {616B6BDB-8176-397E-B7DD-11634F3BF326}
		{477856EB-FA99-359A-B85B-87AD9C6B83C5} = {477856EB-FA99-359A-B85B-87AD9C6B83C5}
		{02D797AF-C0D6-35E3-9F81-A6CA43ACAE40} = {02D797AF-C0D6-35E3-9F81-A6CA43ACAE40}
	EndProjectSection
EndProject
Project("{8BC9CEB8-8B4A-11D0-8D11-00A0C91BC942}") = "opencv_imgproc", "..\imgproc\opencv_imgproc.vcxproj", "{477856EB-FA99-359A-B85B-87AD9C6B83C5}"
	ProjectSection(ProjectDependencies) = postProject
		{C7453878-7433-3BDC-A355-23E1F9F276EF} = {C7453878-7433-3BDC-A355-23E1F9F276EF}
		{E15052AF-4C2F-3CD0-9683-E7AB80011192} = {E15052AF-4C2F-3CD0-9683-E7AB80011192}
		{616B6BDB-8176-397E-B7DD-11634F3BF326} = {616B6BDB-8176-397E-B7DD-11634F3BF326}
		{F24F0A15-F632-3FDE-B9DC-1C34D43FC688} = {F24F0A15-F632-3FDE-B9DC-1C34D43FC688}
		{648623A7-32C1-388D-905F-C06A94BD563A} = {648623A7-32C1-388D-905F-C06A94BD563A}
		{E433A06E-1A81-3507-8379-5CC7E9692804} = {E433A06E-1A81-3507-8379-5CC7E9692804}
		{30ED9A14-D789-3A74-8EA2-75AB864775EE} = {30ED9A14-D789-3A74-8EA2-75AB864775EE}
	EndProjectSection
EndProject
Project("{8BC9CEB8-8B4A-11D0-8D11-00A0C91BC942}") = "opencv_imgproc_AVX", "..\imgproc\opencv_imgproc_AVX.vcxproj", "{F24F0A15-F632-3FDE-B9DC-1C34D43FC688}"
	ProjectSection(ProjectDependencies) = postProject
		{C7453878-7433-3BDC-A355-23E1F9F276EF} = {C7453878-7433-3BDC-A355-23E1F9F276EF}
	EndProjectSection
EndProject
Project("{8BC9CEB8-8B4A-11D0-8D11-00A0C91BC942}") = "opencv_imgproc_AVX2", "..\imgproc\opencv_imgproc_AVX2.vcxproj", "{648623A7-32C1-388D-905F-C06A94BD563A}"
	ProjectSection(ProjectDependencies) = postProject
		{C7453878-7433-3BDC-A355-23E1F9F276EF} = {C7453878-7433-3BDC-A355-23E1F9F276EF}
	EndProjectSection
EndProject
Project("{8BC9CEB8-8B4A-11D0-8D11-00A0C91BC942}") = "opencv_imgproc_AVX512_SKX", "..\imgproc\opencv_imgproc_AVX512_SKX.vcxproj", "{E433A06E-1A81-3507-8379-5CC7E9692804}"
	ProjectSection(ProjectDependencies) = postProject
		{C7453878-7433-3BDC-A355-23E1F9F276EF} = {C7453878-7433-3BDC-A355-23E1F9F276EF}
	EndProjectSection
EndProject
Project("{8BC9CEB8-8B4A-11D0-8D11-00A0C91BC942}") = "opencv_imgproc_SSE4_1", "..\imgproc\opencv_imgproc_SSE4_1.vcxproj", "{30ED9A14-D789-3A74-8EA2-75AB864775EE}"
	ProjectSection(ProjectDependencies) = postProject
		{C7453878-7433-3BDC-A355-23E1F9F276EF} = {C7453878-7433-3BDC-A355-23E1F9F276EF}
	EndProjectSection
EndProject
Project("{8BC9CEB8-8B4A-11D0-8D11-00A0C91BC942}") = "opencv_objdetect", "opencv_objdetect.vcxproj", "{CF198685-A7BB-3A00-BB61-410B3E940A91}"
	ProjectSection(ProjectDependencies) = postProject
		{C7453878-7433-3BDC-A355-23E1F9F276EF} = {C7453878-7433-3BDC-A355-23E1F9F276EF}
		{E15052AF-4C2F-3CD0-9683-E7AB80011192} = {E15052AF-4C2F-3CD0-9683-E7AB80011192}
		{785DBCF0-E87A-3068-B3D9-DCC323DF093D} = {785DBCF0-E87A-3068-B3D9-DCC323DF093D}
		{616B6BDB-8176-397E-B7DD-11634F3BF326} = {616B6BDB-8176-397E-B7DD-11634F3BF326}
		{924F40BE-76D3-3B4C-9D90-F581EF415C7A} = {924F40BE-76D3-3B4C-9D90-F581EF415C7A}
		{F3122E35-FD79-3734-8C23-9053296CB919} = {F3122E35-FD79-3734-8C23-9053296CB919}
		{477856EB-FA99-359A-B85B-87AD9C6B83C5} = {477856EB-FA99-359A-B85B-87AD9C6B83C5}
		{D4B9FE82-4055-3131-9489-19DC72FBC4A4} = {D4B9FE82-4055-3131-9489-19DC72FBC4A4}
	EndProjectSection
EndProject
Project("{8BC9CEB8-8B4A-11D0-8D11-00A0C91BC942}") = "opencv_perf_objdetect", "opencv_perf_objdetect.vcxproj", "{AC40A80F-0ABA-37F3-9746-8332164B6F5E}"
	ProjectSection(ProjectDependencies) = postProject
		{C7453878-7433-3BDC-A355-23E1F9F276EF} = {C7453878-7433-3BDC-A355-23E1F9F276EF}
		{E15052AF-4C2F-3CD0-9683-E7AB80011192} = {E15052AF-4C2F-3CD0-9683-E7AB80011192}
		{785DBCF0-E87A-3068-B3D9-DCC323DF093D} = {785DBCF0-E87A-3068-B3D9-DCC323DF093D}
		{616B6BDB-8176-397E-B7DD-11634F3BF326} = {616B6BDB-8176-397E-B7DD-11634F3BF326}
		{924F40BE-76D3-3B4C-9D90-F581EF415C7A} = {924F40BE-76D3-3B4C-9D90-F581EF415C7A}
		{F3122E35-FD79-3734-8C23-9053296CB919} = {F3122E35-FD79-3734-8C23-9053296CB919}
		{E464ACCB-4FC6-3B9B-B1C7-7686DA935DDF} = {E464ACCB-4FC6-3B9B-B1C7-7686DA935DDF}
		{4B3014A8-A5B3-3ADB-A86D-C165CE31FF55} = {4B3014A8-A5B3-3ADB-A86D-C165CE31FF55}
		{477856EB-FA99-359A-B85B-87AD9C6B83C5} = {477856EB-FA99-359A-B85B-87AD9C6B83C5}
		{CF198685-A7BB-3A00-BB61-410B3E940A91} = {CF198685-A7BB-3A00-BB61-410B3E940A91}
		{A6DDEDAF-14BD-3221-8298-F098B7B8209C} = {A6DDEDAF-14BD-3221-8298-F098B7B8209C}
		{7A796D21-B722-3847-BBFA-A40AEE2F5A6D} = {7A796D21-B722-3847-BBFA-A40AEE2F5A6D}
		{0006FCE5-E6EC-316E-878C-D2529501FAC4} = {0006FCE5-E6EC-316E-878C-D2529501FAC4}
	EndProjectSection
EndProject
Project("{8BC9CEB8-8B4A-11D0-8D11-00A0C91BC942}") = "opencv_test_objdetect", "opencv_test_objdetect.vcxproj", "{7F01C465-951C-37FE-A113-6B42D6E10E5D}"
	ProjectSection(ProjectDependencies) = postProject
		{C7453878-7433-3BDC-A355-23E1F9F276EF} = {C7453878-7433-3BDC-A355-23E1F9F276EF}
		{E15052AF-4C2F-3CD0-9683-E7AB80011192} = {E15052AF-4C2F-3CD0-9683-E7AB80011192}
		{785DBCF0-E87A-3068-B3D9-DCC323DF093D} = {785DBCF0-E87A-3068-B3D9-DCC323DF093D}
		{616B6BDB-8176-397E-B7DD-11634F3BF326} = {616B6BDB-8176-397E-B7DD-11634F3BF326}
		{924F40BE-76D3-3B4C-9D90-F581EF415C7A} = {924F40BE-76D3-3B4C-9D90-F581EF415C7A}
		{F3122E35-FD79-3734-8C23-9053296CB919} = {F3122E35-FD79-3734-8C23-9053296CB919}
		{E464ACCB-4FC6-3B9B-B1C7-7686DA935DDF} = {E464ACCB-4FC6-3B9B-B1C7-7686DA935DDF}
		{4B3014A8-A5B3-3ADB-A86D-C165CE31FF55} = {4B3014A8-A5B3-3ADB-A86D-C165CE31FF55}
		{477856EB-FA99-359A-B85B-87AD9C6B83C5} = {477856EB-FA99-359A-B85B-87AD9C6B83C5}
		{CF198685-A7BB-3A00-BB61-410B3E940A91} = {CF198685-A7BB-3A00-BB61-410B3E940A91}
		{A6DDEDAF-14BD-3221-8298-F098B7B8209C} = {A6DDEDAF-14BD-3221-8298-F098B7B8209C}
		{7A796D21-B722-3847-BBFA-A40AEE2F5A6D} = {7A796D21-B722-3847-BBFA-A40AEE2F5A6D}
		{0006FCE5-E6EC-316E-878C-D2529501FAC4} = {0006FCE5-E6EC-316E-878C-D2529501FAC4}
	EndProjectSection
EndProject
Project("{8BC9CEB8-8B4A-11D0-8D11-00A0C91BC942}") = "opencv_ts", "..\ts\opencv_ts.vcxproj", "{A6DDEDAF-14BD-3221-8298-F098B7B8209C}"
	ProjectSection(ProjectDependencies) = postProject
		{C7453878-7433-3BDC-A355-23E1F9F276EF} = {C7453878-7433-3BDC-A355-23E1F9F276EF}
		{E15052AF-4C2F-3CD0-9683-E7AB80011192} = {E15052AF-4C2F-3CD0-9683-E7AB80011192}
		{616B6BDB-8176-397E-B7DD-11634F3BF326} = {616B6BDB-8176-397E-B7DD-11634F3BF326}
		{E464ACCB-4FC6-3B9B-B1C7-7686DA935DDF} = {E464ACCB-4FC6-3B9B-B1C7-7686DA935DDF}
		{4B3014A8-A5B3-3ADB-A86D-C165CE31FF55} = {4B3014A8-A5B3-3ADB-A86D-C165CE31FF55}
		{477856EB-FA99-359A-B85B-87AD9C6B83C5} = {477856EB-FA99-359A-B85B-87AD9C6B83C5}
		{7A796D21-B722-3847-BBFA-A40AEE2F5A6D} = {7A796D21-B722-3847-BBFA-A40AEE2F5A6D}
	EndProjectSection
EndProject
Project("{8BC9CEB8-8B4A-11D0-8D11-00A0C91BC942}") = "opencv_videoio", "..\videoio\opencv_videoio.vcxproj", "{7A796D21-B722-3847-BBFA-A40AEE2F5A6D}"
	ProjectSection(ProjectDependencies) = postProject
		{C7453878-7433-3BDC-A355-23E1F9F276EF} = {C7453878-7433-3BDC-A355-23E1F9F276EF}
		{E15052AF-4C2F-3CD0-9683-E7AB80011192} = {E15052AF-4C2F-3CD0-9683-E7AB80011192}
		{616B6BDB-8176-397E-B7DD-11634F3BF326} = {616B6BDB-8176-397E-B7DD-11634F3BF326}
		{4B3014A8-A5B3-3ADB-A86D-C165CE31FF55} = {4B3014A8-A5B3-3ADB-A86D-C165CE31FF55}
		{477856EB-FA99-359A-B85B-87AD9C6B83C5} = {477856EB-FA99-359A-B85B-87AD9C6B83C5}
	EndProjectSection
EndProject
Project("{8BC9CEB8-8B4A-11D0-8D11-00A0C91BC942}") = "opencv_videoio_plugins", "..\.firstpass\videoio\opencv_videoio_plugins.vcxproj", "{0006FCE5-E6EC-316E-878C-D2529501FAC4}"
	ProjectSection(ProjectDependencies) = postProject
		{C7453878-7433-3BDC-A355-23E1F9F276EF} = {C7453878-7433-3BDC-A355-23E1F9F276EF}
	EndProjectSection
EndProject
Project("{8BC9CEB8-8B4A-11D0-8D11-00A0C91BC942}") = "quirc", "..\..\3rdparty\quirc\quirc.vcxproj", "{D4B9FE82-4055-3131-9489-19DC72FBC4A4}"
	ProjectSection(ProjectDependencies) = postProject
		{C7453878-7433-3BDC-A355-23E1F9F276EF} = {C7453878-7433-3BDC-A355-23E1F9F276EF}
	EndProjectSection
EndProject
Project("{8BC9CEB8-8B4A-11D0-8D11-00A0C91BC942}") = "zlib", "..\..\3rdparty\zlib\zlib.vcxproj", "{02D797AF-C0D6-35E3-9F81-A6CA43ACAE40}"
	ProjectSection(ProjectDependencies) = postProject
		{C7453878-7433-3BDC-A355-23E1F9F276EF} = {C7453878-7433-3BDC-A355-23E1F9F276EF}
	EndProjectSection
EndProject
Global
	GlobalSection(SolutionConfigurationPlatforms) = preSolution
		Debug|x64 = Debug|x64
		Release|x64 = Release|x64
	EndGlobalSection
	GlobalSection(ProjectConfigurationPlatforms) = postSolution
		{9D7DF227-6966-3FDC-9057-5348EB40613F}.Debug|x64.ActiveCfg = Debug|x64
		{9D7DF227-6966-3FDC-9057-5348EB40613F}.Debug|x64.Build.0 = Debug|x64
		{9D7DF227-6966-3FDC-9057-5348EB40613F}.Release|x64.ActiveCfg = Release|x64
		{9D7DF227-6966-3FDC-9057-5348EB40613F}.Release|x64.Build.0 = Release|x64
		{9F94D08D-4D5F-3E8D-A4DD-0B1E1076A3FC}.Debug|x64.ActiveCfg = Debug|x64
		{9F94D08D-4D5F-3E8D-A4DD-0B1E1076A3FC}.Release|x64.ActiveCfg = Release|x64
		{7D800D9A-6F26-32B0-9882-BEF637EE2FB0}.Debug|x64.ActiveCfg = Debug|x64
		{7D800D9A-6F26-32B0-9882-BEF637EE2FB0}.Debug|x64.Build.0 = Debug|x64
		{7D800D9A-6F26-32B0-9882-BEF637EE2FB0}.Release|x64.ActiveCfg = Release|x64
		{7D800D9A-6F26-32B0-9882-BEF637EE2FB0}.Release|x64.Build.0 = Release|x64
		{9A28D1C4-62FA-399B-99DD-AC364D05FD10}.Debug|x64.ActiveCfg = Debug|x64
		{9A28D1C4-62FA-399B-99DD-AC364D05FD10}.Release|x64.ActiveCfg = Release|x64
		{9E567576-3AF9-313D-BD2D-6C9F130102C4}.Debug|x64.ActiveCfg = Debug|x64
		{9E567576-3AF9-313D-BD2D-6C9F130102C4}.Release|x64.ActiveCfg = Release|x64
		{C7453878-7433-3BDC-A355-23E1F9F276EF}.Debug|x64.ActiveCfg = Debug|x64
		{C7453878-7433-3BDC-A355-23E1F9F276EF}.Debug|x64.Build.0 = Debug|x64
		{C7453878-7433-3BDC-A355-23E1F9F276EF}.Release|x64.ActiveCfg = Release|x64
		{C7453878-7433-3BDC-A355-23E1F9F276EF}.Release|x64.Build.0 = Release|x64
		{E15052AF-4C2F-3CD0-9683-E7AB80011192}.Debug|x64.ActiveCfg = Debug|x64
		{E15052AF-4C2F-3CD0-9683-E7AB80011192}.Debug|x64.Build.0 = Debug|x64
		{E15052AF-4C2F-3CD0-9683-E7AB80011192}.Release|x64.ActiveCfg = Release|x64
		{E15052AF-4C2F-3CD0-9683-E7AB80011192}.Release|x64.Build.0 = Release|x64
		{8C8EB863-E140-3128-B7AF-20DD33FA8B4F}.Debug|x64.ActiveCfg = Debug|x64
		{8C8EB863-E140-3128-B7AF-20DD33FA8B4F}.Debug|x64.Build.0 = Debug|x64
		{8C8EB863-E140-3128-B7AF-20DD33FA8B4F}.Release|x64.ActiveCfg = Release|x64
		{8C8EB863-E140-3128-B7AF-20DD33FA8B4F}.Release|x64.Build.0 = Release|x64
		{C6C7D64A-DDD6-3CDD-BE4C-E3356469EB95}.Debug|x64.ActiveCfg = Debug|x64
		{C6C7D64A-DDD6-3CDD-BE4C-E3356469EB95}.Debug|x64.Build.0 = Debug|x64
		{C6C7D64A-DDD6-3CDD-BE4C-E3356469EB95}.Release|x64.ActiveCfg = Release|x64
		{C6C7D64A-DDD6-3CDD-BE4C-E3356469EB95}.Release|x64.Build.0 = Release|x64
		{80673D95-AF85-38B0-BBCE-1A1690502D4E}.Debug|x64.ActiveCfg = Debug|x64
		{80673D95-AF85-38B0-BBCE-1A1690502D4E}.Debug|x64.Build.0 = Debug|x64
		{80673D95-AF85-38B0-BBCE-1A1690502D4E}.Release|x64.ActiveCfg = Release|x64
		{80673D95-AF85-38B0-BBCE-1A1690502D4E}.Release|x64.Build.0 = Release|x64
		{1EBB9B77-8CBA-3B1C-B15E-DC4FB2DD9BFD}.Debug|x64.ActiveCfg = Debug|x64
		{1EBB9B77-8CBA-3B1C-B15E-DC4FB2DD9BFD}.Debug|x64.Build.0 = Debug|x64
		{1EBB9B77-8CBA-3B1C-B15E-DC4FB2DD9BFD}.Release|x64.ActiveCfg = Release|x64
		{1EBB9B77-8CBA-3B1C-B15E-DC4FB2DD9BFD}.Release|x64.Build.0 = Release|x64
		{D1F9389C-633F-3B80-BBAE-2526457AE05D}.Debug|x64.ActiveCfg = Debug|x64
		{D1F9389C-633F-3B80-BBAE-2526457AE05D}.Debug|x64.Build.0 = Debug|x64
		{D1F9389C-633F-3B80-BBAE-2526457AE05D}.Release|x64.ActiveCfg = Release|x64
		{D1F9389C-633F-3B80-BBAE-2526457AE05D}.Release|x64.Build.0 = Release|x64
		{899C6EF1-4069-32A9-BE5D-AFCF3AC4FF51}.Debug|x64.ActiveCfg = Debug|x64
		{899C6EF1-4069-32A9-BE5D-AFCF3AC4FF51}.Debug|x64.Build.0 = Debug|x64
		{899C6EF1-4069-32A9-BE5D-AFCF3AC4FF51}.Release|x64.ActiveCfg = Release|x64
		{899C6EF1-4069-32A9-BE5D-AFCF3AC4FF51}.Release|x64.Build.0 = Release|x64
		{785DBCF0-E87A-3068-B3D9-DCC323DF093D}.Debug|x64.ActiveCfg = Debug|x64
		{785DBCF0-E87A-3068-B3D9-DCC323DF093D}.Debug|x64.Build.0 = Debug|x64
		{785DBCF0-E87A-3068-B3D9-DCC323DF093D}.Release|x64.ActiveCfg = Release|x64
		{785DBCF0-E87A-3068-B3D9-DCC323DF093D}.Release|x64.Build.0 = Release|x64
		{3139FC8A-BC84-3699-AED4-AAB3961D5260}.Debug|x64.ActiveCfg = Debug|x64
		{3139FC8A-BC84-3699-AED4-AAB3961D5260}.Debug|x64.Build.0 = Debug|x64
		{3139FC8A-BC84-3699-AED4-AAB3961D5260}.Release|x64.ActiveCfg = Release|x64
		{3139FC8A-BC84-3699-AED4-AAB3961D5260}.Release|x64.Build.0 = Release|x64
		{616B6BDB-8176-397E-B7DD-11634F3BF326}.Debug|x64.ActiveCfg = Debug|x64
		{616B6BDB-8176-397E-B7DD-11634F3BF326}.Debug|x64.Build.0 = Debug|x64
		{616B6BDB-8176-397E-B7DD-11634F3BF326}.Release|x64.ActiveCfg = Release|x64
		{616B6BDB-8176-397E-B7DD-11634F3BF326}.Release|x64.Build.0 = Release|x64
		{987709FF-B0F4-3A58-814E-4BE7C56B93CB}.Debug|x64.ActiveCfg = Debug|x64
		{987709FF-B0F4-3A58-814E-4BE7C56B93CB}.Debug|x64.Build.0 = Debug|x64
		{987709FF-B0F4-3A58-814E-4BE7C56B93CB}.Release|x64.ActiveCfg = Release|x64
		{987709FF-B0F4-3A58-814E-4BE7C56B93CB}.Release|x64.Build.0 = Release|x64
		{85997715-DFC5-370C-B63F-46B1DC2512F9}.Debug|x64.ActiveCfg = Debug|x64
		{85997715-DFC5-370C-B63F-46B1DC2512F9}.Debug|x64.Build.0 = Debug|x64
		{85997715-DFC5-370C-B63F-46B1DC2512F9}.Release|x64.ActiveCfg = Release|x64
		{85997715-DFC5-370C-B63F-46B1DC2512F9}.Release|x64.Build.0 = Release|x64
		{2078B708-67D6-3DD2-8A96-5624CB6B2575}.Debug|x64.ActiveCfg = Debug|x64
		{2078B708-67D6-3DD2-8A96-5624CB6B2575}.Debug|x64.Build.0 = Debug|x64
		{2078B708-67D6-3DD2-8A96-5624CB6B2575}.Release|x64.ActiveCfg = Release|x64
		{2078B708-67D6-3DD2-8A96-5624CB6B2575}.Release|x64.Build.0 = Release|x64
		{BBE790ED-8D83-36BE-A0FE-0A99E9E39790}.Debug|x64.ActiveCfg = Debug|x64
		{BBE790ED-8D83-36BE-A0FE-0A99E9E39790}.Debug|x64.Build.0 = Debug|x64
		{BBE790ED-8D83-36BE-A0FE-0A99E9E39790}.Release|x64.ActiveCfg = Release|x64
		{BBE790ED-8D83-36BE-A0FE-0A99E9E39790}.Release|x64.Build.0 = Release|x64
		{2C835539-C232-3A4C-8D4B-F587CAAA2186}.Debug|x64.ActiveCfg = Debug|x64
		{2C835539-C232-3A4C-8D4B-F587CAAA2186}.Debug|x64.Build.0 = Debug|x64
		{2C835539-C232-3A4C-8D4B-F587CAAA2186}.Release|x64.ActiveCfg = Release|x64
		{2C835539-C232-3A4C-8D4B-F587CAAA2186}.Release|x64.Build.0 = Release|x64
		{924F40BE-76D3-3B4C-9D90-F581EF415C7A}.Debug|x64.ActiveCfg = Debug|x64
		{924F40BE-76D3-3B4C-9D90-F581EF415C7A}.Debug|x64.Build.0 = Debug|x64
		{924F40BE-76D3-3B4C-9D90-F581EF415C7A}.Release|x64.ActiveCfg = Release|x64
		{924F40BE-76D3-3B4C-9D90-F581EF415C7A}.Release|x64.Build.0 = Release|x64
		{297D2A20-FEF9-3B73-AF58-294E2601C23F}.Debug|x64.ActiveCfg = Debug|x64
		{297D2A20-FEF9-3B73-AF58-294E2601C23F}.Debug|x64.Build.0 = Debug|x64
		{297D2A20-FEF9-3B73-AF58-294E2601C23F}.Release|x64.ActiveCfg = Release|x64
		{297D2A20-FEF9-3B73-AF58-294E2601C23F}.Release|x64.Build.0 = Release|x64
		{F3122E35-FD79-3734-8C23-9053296CB919}.Debug|x64.ActiveCfg = Debug|x64
		{F3122E35-FD79-3734-8C23-9053296CB919}.Debug|x64.Build.0 = Debug|x64
		{F3122E35-FD79-3734-8C23-9053296CB919}.Release|x64.ActiveCfg = Release|x64
		{F3122E35-FD79-3734-8C23-9053296CB919}.Release|x64.Build.0 = Release|x64
		{E464ACCB-4FC6-3B9B-B1C7-7686DA935DDF}.Debug|x64.ActiveCfg = Debug|x64
		{E464ACCB-4FC6-3B9B-B1C7-7686DA935DDF}.Debug|x64.Build.0 = Debug|x64
		{E464ACCB-4FC6-3B9B-B1C7-7686DA935DDF}.Release|x64.ActiveCfg = Release|x64
		{E464ACCB-4FC6-3B9B-B1C7-7686DA935DDF}.Release|x64.Build.0 = Release|x64
		{4B3014A8-A5B3-3ADB-A86D-C165CE31FF55}.Debug|x64.ActiveCfg = Debug|x64
		{4B3014A8-A5B3-3ADB-A86D-C165CE31FF55}.Debug|x64.Build.0 = Debug|x64
		{4B3014A8-A5B3-3ADB-A86D-C165CE31FF55}.Release|x64.ActiveCfg = Release|x64
		{4B3014A8-A5B3-3ADB-A86D-C165CE31FF55}.Release|x64.Build.0 = Release|x64
		{477856EB-FA99-359A-B85B-87AD9C6B83C5}.Debug|x64.ActiveCfg = Debug|x64
		{477856EB-FA99-359A-B85B-87AD9C6B83C5}.Debug|x64.Build.0 = Debug|x64
		{477856EB-FA99-359A-B85B-87AD9C6B83C5}.Release|x64.ActiveCfg = Release|x64
		{477856EB-FA99-359A-B85B-87AD9C6B83C5}.Release|x64.Build.0 = Release|x64
		{F24F0A15-F632-3FDE-B9DC-1C34D43FC688}.Debug|x64.ActiveCfg = Debug|x64
		{F24F0A15-F632-3FDE-B9DC-1C34D43FC688}.Debug|x64.Build.0 = Debug|x64
		{F24F0A15-F632-3FDE-B9DC-1C34D43FC688}.Release|x64.ActiveCfg = Release|x64
		{F24F0A15-F632-3FDE-B9DC-1C34D43FC688}.Release|x64.Build.0 = Release|x64
		{648623A7-32C1-388D-905F-C06A94BD563A}.Debug|x64.ActiveCfg = Debug|x64
		{648623A7-32C1-388D-905F-C06A94BD563A}.Debug|x64.Build.0 = Debug|x64
		{648623A7-32C1-388D-905F-C06A94BD563A}.Release|x64.ActiveCfg = Release|x64
		{648623A7-32C1-388D-905F-C06A94BD563A}.Release|x64.Build.0 = Release|x64
		{E433A06E-1A81-3507-8379-5CC7E9692804}.Debug|x64.ActiveCfg = Debug|x64
		{E433A06E-1A81-3507-8379-5CC7E9692804}.Debug|x64.Build.0 = Debug|x64
		{E433A06E-1A81-3507-8379-5CC7E9692804}.Release|x64.ActiveCfg = Release|x64
		{E433A06E-1A81-3507-8379-5CC7E9692804}.Release|x64.Build.0 = Release|x64
		{30ED9A14-D789-3A74-8EA2-75AB864775EE}.Debug|x64.ActiveCfg = Debug|x64
		{30ED9A14-D789-3A74-8EA2-75AB864775EE}.Debug|x64.Build.0 = Debug|x64
		{30ED9A14-D789-3A74-8EA2-75AB864775EE}.Release|x64.ActiveCfg = Release|x64
		{30ED9A14-D789-3A74-8EA2-75AB864775EE}.Release|x64.Build.0 = Release|x64
		{CF198685-A7BB-3A00-BB61-410B3E940A91}.Debug|x64.ActiveCfg = Debug|x64
		{CF198685-A7BB-3A00-BB61-410B3E940A91}.Debug|x64.Build.0 = Debug|x64
		{CF198685-A7BB-3A00-BB61-410B3E940A91}.Release|x64.ActiveCfg = Release|x64
		{CF198685-A7BB-3A00-BB61-410B3E940A91}.Release|x64.Build.0 = Release|x64
		{AC40A80F-0ABA-37F3-9746-8332164B6F5E}.Debug|x64.ActiveCfg = Debug|x64
		{AC40A80F-0ABA-37F3-9746-8332164B6F5E}.Debug|x64.Build.0 = Debug|x64
		{AC40A80F-0ABA-37F3-9746-8332164B6F5E}.Release|x64.ActiveCfg = Release|x64
		{AC40A80F-0ABA-37F3-9746-8332164B6F5E}.Release|x64.Build.0 = Release|x64
		{7F01C465-951C-37FE-A113-6B42D6E10E5D}.Debug|x64.ActiveCfg = Debug|x64
		{7F01C465-951C-37FE-A113-6B42D6E10E5D}.Debug|x64.Build.0 = Debug|x64
		{7F01C465-951C-37FE-A113-6B42D6E10E5D}.Release|x64.ActiveCfg = Release|x64
		{7F01C465-951C-37FE-A113-6B42D6E10E5D}.Release|x64.Build.0 = Release|x64
		{A6DDEDAF-14BD-3221-8298-F098B7B8209C}.Debug|x64.ActiveCfg = Debug|x64
		{A6DDEDAF-14BD-3221-8298-F098B7B8209C}.Debug|x64.Build.0 = Debug|x64
		{A6DDEDAF-14BD-3221-8298-F098B7B8209C}.Release|x64.ActiveCfg = Release|x64
		{A6DDEDAF-14BD-3221-8298-F098B7B8209C}.Release|x64.Build.0 = Release|x64
		{7A796D21-B722-3847-BBFA-A40AEE2F5A6D}.Debug|x64.ActiveCfg = Debug|x64
		{7A796D21-B722-3847-BBFA-A40AEE2F5A6D}.Debug|x64.Build.0 = Debug|x64
		{7A796D21-B722-3847-BBFA-A40AEE2F5A6D}.Release|x64.ActiveCfg = Release|x64
		{7A796D21-B722-3847-BBFA-A40AEE2F5A6D}.Release|x64.Build.0 = Release|x64
		{0006FCE5-E6EC-316E-878C-D2529501FAC4}.Debug|x64.ActiveCfg = Debug|x64
		{0006FCE5-E6EC-316E-878C-D2529501FAC4}.Debug|x64.Build.0 = Debug|x64
		{0006FCE5-E6EC-316E-878C-D2529501FAC4}.Release|x64.ActiveCfg = Release|x64
		{0006FCE5-E6EC-316E-878C-D2529501FAC4}.Release|x64.Build.0 = Release|x64
		{D4B9FE82-4055-3131-9489-19DC72FBC4A4}.Debug|x64.ActiveCfg = Debug|x64
		{D4B9FE82-4055-3131-9489-19DC72FBC4A4}.Debug|x64.Build.0 = Debug|x64
		{D4B9FE82-4055-3131-9489-19DC72FBC4A4}.Release|x64.ActiveCfg = Release|x64
		{D4B9FE82-4055-3131-9489-19DC72FBC4A4}.Release|x64.Build.0 = Release|x64
		{02D797AF-C0D6-35E3-9F81-A6CA43ACAE40}.Debug|x64.ActiveCfg = Debug|x64
		{02D797AF-C0D6-35E3-9F81-A6CA43ACAE40}.Debug|x64.Build.0 = Debug|x64
		{02D797AF-C0D6-35E3-9F81-A6CA43ACAE40}.Release|x64.ActiveCfg = Release|x64
		{02D797AF-C0D6-35E3-9F81-A6CA43ACAE40}.Release|x64.Build.0 = Release|x64
	EndGlobalSection
	GlobalSection(NestedProjects) = preSolution
		{7D800D9A-6F26-32B0-9882-BEF637EE2FB0} = {B03C5E9A-09E4-3896-BCBC-C4B1E8EC1D07}
		{E15052AF-4C2F-3CD0-9683-E7AB80011192} = {B03C5E9A-09E4-3896-BCBC-C4B1E8EC1D07}
		{8C8EB863-E140-3128-B7AF-20DD33FA8B4F} = {B03C5E9A-09E4-3896-BCBC-C4B1E8EC1D07}
		{C6C7D64A-DDD6-3CDD-BE4C-E3356469EB95} = {B03C5E9A-09E4-3896-BCBC-C4B1E8EC1D07}
		{80673D95-AF85-38B0-BBCE-1A1690502D4E} = {B03C5E9A-09E4-3896-BCBC-C4B1E8EC1D07}
		{1EBB9B77-8CBA-3B1C-B15E-DC4FB2DD9BFD} = {B03C5E9A-09E4-3896-BCBC-C4B1E8EC1D07}
		{D1F9389C-633F-3B80-BBAE-2526457AE05D} = {B03C5E9A-09E4-3896-BCBC-C4B1E8EC1D07}
		{899C6EF1-4069-32A9-BE5D-AFCF3AC4FF51} = {B03C5E9A-09E4-3896-BCBC-C4B1E8EC1D07}
		{D4B9FE82-4055-3131-9489-19DC72FBC4A4} = {B03C5E9A-09E4-3896-BCBC-C4B1E8EC1D07}
		{02D797AF-C0D6-35E3-9F81-A6CA43ACAE40} = {B03C5E9A-09E4-3896-BCBC-C4B1E8EC1D07}
		{9D7DF227-6966-3FDC-9057-5348EB40613F} = {B65CBF0F-8B17-357E-BEAA-F228E2235BDE}
		{9F94D08D-4D5F-3E8D-A4DD-0B1E1076A3FC} = {B65CBF0F-8B17-357E-BEAA-F228E2235BDE}
		{9A28D1C4-62FA-399B-99DD-AC364D05FD10} = {B65CBF0F-8B17-357E-BEAA-F228E2235BDE}
		{9E567576-3AF9-313D-BD2D-6C9F130102C4} = {B65CBF0F-8B17-357E-BEAA-F228E2235BDE}
		{C7453878-7433-3BDC-A355-23E1F9F276EF} = {B65CBF0F-8B17-357E-BEAA-F228E2235BDE}
		{3139FC8A-BC84-3699-AED4-AAB3961D5260} = {3B60DC66-9D4A-3B77-993A-7D31A9E92B33}
		{987709FF-B0F4-3A58-814E-4BE7C56B93CB} = {3B60DC66-9D4A-3B77-993A-7D31A9E92B33}
		{85997715-DFC5-370C-B63F-46B1DC2512F9} = {3B60DC66-9D4A-3B77-993A-7D31A9E92B33}
		{2078B708-67D6-3DD2-8A96-5624CB6B2575} = {3B60DC66-9D4A-3B77-993A-7D31A9E92B33}
		{BBE790ED-8D83-36BE-A0FE-0A99E9E39790} = {3B60DC66-9D4A-3B77-993A-7D31A9E92B33}
		{2C835539-C232-3A4C-8D4B-F587CAAA2186} = {3B60DC66-9D4A-3B77-993A-7D31A9E92B33}
		{297D2A20-FEF9-3B73-AF58-294E2601C23F} = {3B60DC66-9D4A-3B77-993A-7D31A9E92B33}
		{F24F0A15-F632-3FDE-B9DC-1C34D43FC688} = {3B60DC66-9D4A-3B77-993A-7D31A9E92B33}
		{648623A7-32C1-388D-905F-C06A94BD563A} = {3B60DC66-9D4A-3B77-993A-7D31A9E92B33}
		{E433A06E-1A81-3507-8379-5CC7E9692804} = {3B60DC66-9D4A-3B77-993A-7D31A9E92B33}
		{30ED9A14-D789-3A74-8EA2-75AB864775EE} = {3B60DC66-9D4A-3B77-993A-7D31A9E92B33}
		{785DBCF0-E87A-3068-B3D9-DCC323DF093D} = {1A348FBD-B243-360A-8F2F-7E78B1906BFF}
		{616B6BDB-8176-397E-B7DD-11634F3BF326} = {1A348FBD-B243-360A-8F2F-7E78B1906BFF}
		{924F40BE-76D3-3B4C-9D90-F581EF415C7A} = {1A348FBD-B243-360A-8F2F-7E78B1906BFF}
		{F3122E35-FD79-3734-8C23-9053296CB919} = {1A348FBD-B243-360A-8F2F-7E78B1906BFF}
		{E464ACCB-4FC6-3B9B-B1C7-7686DA935DDF} = {1A348FBD-B243-360A-8F2F-7E78B1906BFF}
		{4B3014A8-A5B3-3ADB-A86D-C165CE31FF55} = {1A348FBD-B243-360A-8F2F-7E78B1906BFF}
		{477856EB-FA99-359A-B85B-87AD9C6B83C5} = {1A348FBD-B243-360A-8F2F-7E78B1906BFF}
		{CF198685-A7BB-3A00-BB61-410B3E940A91} = {1A348FBD-B243-360A-8F2F-7E78B1906BFF}
		{A6DDEDAF-14BD-3221-8298-F098B7B8209C} = {1A348FBD-B243-360A-8F2F-7E78B1906BFF}
		{7A796D21-B722-3847-BBFA-A40AEE2F5A6D} = {1A348FBD-B243-360A-8F2F-7E78B1906BFF}
		{7F01C465-951C-37FE-A113-6B42D6E10E5D} = {D31DE3C8-AF36-326A-B29E-78E1F1D7781E}
		{AC40A80F-0ABA-37F3-9746-8332164B6F5E} = {3AF747F8-BA32-3DDA-962A-F0F168BA2CCE}
	EndGlobalSection
	GlobalSection(ExtensibilityGlobals) = postSolution
		SolutionGuid = {1C6FDBCD-CB0E-3D8A-926C-1766CA8C662E}
	EndGlobalSection
	GlobalSection(ExtensibilityAddIns) = postSolution
	EndGlobalSection
EndGlobal
